# This file is autogenerated, do not edit; changes may be undone by the next 'dep ensure'.


[[projects]]
  digest = "1:582b704bebaa06b48c29b0cec224a6058a09c86883aaddabde889cd1a5f73e1b"
  name = "github.com/google/uuid"
  packages = ["."]
  pruneopts = "UT"
  revision = "0cd6bf5da1e1c83f8b45653022c74f71af0538a4"
  version = "v1.1.1"

[[projects]]
  branch = "master"
  digest = "1:f7d8e6b64f916e961dc65973b7ab6c67b853a516bd1f44024ee813324c1a8e43"
  name = "github.com/hellgate75/general_utils"
  packages = [
    "common",
    "errors",
    "log",
    "log/parser",
    "streams",
  ]
  pruneopts = "UT"
  revision = "82d6bd1b6df3dd290a193cefa172728f67ebd4a4"

[[projects]]
  digest = "1:ba852707958e39694e7f64328008287892adf9b1aed0174480e2f50e0c23e521"
  name = "github.com/logrusorgru/aurora"
  packages = ["."]
  pruneopts = "UT"
  revision = "21d75270181e0436fee7bd58b991c212cf309068"
  version = "v2.0"

[[projects]]
  digest = "1:4d2e5a73dc1500038e504a8d78b986630e3626dc027bc030ba5c75da257cdb96"
  name = "gopkg.in/yaml.v2"
  packages = ["."]
  pruneopts = "UT"
  revision = "51d6538a90f86fe93ac480b35f37b2be17fef232"
  version = "v2.2.2"

[solve-meta]
  analyzer-name = "dep"
  analyzer-version = 1
  input-imports = [
    "github.com/google/uuid",
    "github.com/hellgate75/general_utils/common",
    "github.com/hellgate75/general_utils/errors",
    "github.com/hellgate75/general_utils/log",
    "github.com/hellgate75/general_utils/streams",
  ]
  solver-name = "gps-cdcl"
  solver-version = 1
